// !$*UTF8*$!
{
	archiveVersion = 1;
	classes = {
	};
	objectVersion = 46;
	objects = {

/* Begin PBXBuildFile section */
		DBF4938B1E4D8B7000A370D0 /* AppDelegate.swift in Sources */ = {isa = PBXBuildFile; fileRef = DBF4938A1E4D8B7000A370D0 /* AppDelegate.swift */; };
		DBF4938D1E4D8B7000A370D0 /* ViewController.swift in Sources */ = {isa = PBXBuildFile; fileRef = DBF4938C1E4D8B7000A370D0 /* ViewController.swift */; };
		DBF493901E4D8B7000A370D0 /* Main.storyboard in Resources */ = {isa = PBXBuildFile; fileRef = DBF4938E1E4D8B7000A370D0 /* Main.storyboard */; };
		DBF493921E4D8B7000A370D0 /* Assets.xcassets in Resources */ = {isa = PBXBuildFile; fileRef = DBF493911E4D8B7000A370D0 /* Assets.xcassets */; };
		DBF493951E4D8B7000A370D0 /* LaunchScreen.storyboard in Resources */ = {isa = PBXBuildFile; fileRef = DBF493931E4D8B7000A370D0 /* LaunchScreen.storyboard */; };
		DBF4939D1E4D8C0100A370D0 /* PhotoViewController.swift in Sources */ = {isa = PBXBuildFile; fileRef = DBF4939C1E4D8C0100A370D0 /* PhotoViewController.swift */; };
/* End PBXBuildFile section */

/* Begin PBXFileReference section */
		DBF493871E4D8B7000A370D0 /* SwiftPhotoBrower.app */ = {isa = PBXFileReference; explicitFileType = wrapper.application; includeInIndex = 0; path = SwiftPhotoBrower.app; sourceTree = BUILT_PRODUCTS_DIR; };
		DBF4938A1E4D8B7000A370D0 /* AppDelegate.swift */ = {isa = PBXFileReference; lastKnownFileType = sourcecode.swift; path = AppDelegate.swift; sourceTree = "<group>"; };
		DBF4938C1E4D8B7000A370D0 /* ViewController.swift */ = {isa = PBXFileReference; lastKnownFileType = sourcecode.swift; path = ViewController.swift; sourceTree = "<group>"; };
		DBF4938F1E4D8B7000A370D0 /* Base */ = {isa = PBXFileReference; lastKnownFileType = file.storyboard; name = Base; path = Base.lproj/Main.storyboard; sourceTree = "<group>"; };
		DBF493911E4D8B7000A370D0 /* Assets.xcassets */ = {isa = PBXFileReference; lastKnownFileType = folder.assetcatalog; path = Assets.xcassets; sourceTree = "<group>"; };
		DBF493941E4D8B7000A370D0 /* Base */ = {isa = PBXFileReference; lastKnownFileType = file.storyboard; name = Base; path = Base.lproj/LaunchScreen.storyboard; sourceTree = "<group>"; };
		DBF493961E4D8B7000A370D0 /* Info.plist */ = {isa = PBXFileReference; lastKnownFileType = text.plist.xml; path = Info.plist; sourceTree = "<group>"; };
		DBF4939C1E4D8C0100A370D0 /* PhotoViewController.swift */ = {isa = PBXFileReference; fileEncoding = 4; lastKnownFileType = sourcecode.swift; path = PhotoViewController.swift; sourceTree = "<group>"; };
/* End PBXFileReference section */

/* Begin PBXFrameworksBuildPhase section */
		DBF493841E4D8B7000A370D0 /* Frameworks */ = {
			isa = PBXFrameworksBuildPhase;
			buildActionMask = 2147483647;
			files = (
			);
			runOnlyForDeploymentPostprocessing = 0;
		};
/* End PBXFrameworksBuildPhase section */

/* Begin PBXGroup section */
		DBF4937E1E4D8B7000A370D0 = {
			isa = PBXGroup;
			children = (
				DBF493891E4D8B7000A370D0 /* SwiftPhotoBrower */,
				DBF493881E4D8B7000A370D0 /* Products */,
			);
			sourceTree = "<group>";
		};
		DBF493881E4D8B7000A370D0 /* Products */ = {
			isa = PBXGroup;
			children = (
				DBF493871E4D8B7000A370D0 /* SwiftPhotoBrower.app */,
			);
			name = Products;
			sourceTree = "<group>";
		};
		DBF493891E4D8B7000A370D0 /* SwiftPhotoBrower */ = {
			isa = PBXGroup;
			children = (
				DBF4938A1E4D8B7000A370D0 /* AppDelegate.swift */,
				DBF4938C1E4D8B7000A370D0 /* ViewController.swift */,
				DBF4939C1E4D8C0100A370D0 /* PhotoViewController.swift */,
				DBF4938E1E4D8B7000A370D0 /* Main.storyboard */,
				DBF493911E4D8B7000A370D0 /* Assets.xcassets */,
				DBF493931E4D8B7000A370D0 /* LaunchScreen.storyboard */,
				DBF493961E4D8B7000A370D0 /* Info.plist */,
			);
			path = SwiftPhotoBrower;
			sourceTree = "<group>";
		};
/* End PBXGroup section */

/* Begin PBXNativeTarget section */
		DBF493861E4D8B7000A370D0 /* SwiftPhotoBrower */ = {
			isa = PBXNativeTarget;
			buildConfigurationList = DBF493991E4D8B7000A370D0 /* Build configuration list for PBXNativeTarget "SwiftPhotoBrower" */;
			buildPhases = (
				DBF493831E4D8B7000A370D0 /* Sources */,
				DBF493841E4D8B7000A370D0 /* Frameworks */,
				DBF493851E4D8B7000A370D0 /* Resources */,
			);
			buildRules = (
			);
			dependencies = (
			);
			name = SwiftPhotoBrower;
			productName = SwiftPhotoBrower;
			productReference = DBF493871E4D8B7000A370D0 /* SwiftPhotoBrower.app */;
			productType = "com.apple.product-type.application";
		};
/* End PBXNativeTarget section */

/* Begin PBXProject section */
		DBF4937F1E4D8B7000A370D0 /* Project object */ = {
			isa = PBXProject;
			attributes = {
				LastSwiftUpdateCheck = 0810;
				LastUpgradeCheck = 0810;
				ORGANIZATIONNAME = "小果";
				TargetAttributes = {
					DBF493861E4D8B7000A370D0 = {
						CreatedOnToolsVersion = 8.1;
						DevelopmentTeam = 24T58AANZ9;
						ProvisioningStyle = Automatic;
					};
				};
			};
			buildConfigurationList = DBF493821E4D8B7000A370D0 /* Build configuration list for PBXProject "SwiftPhotoBrower" */;
			compatibilityVersion = "Xcode 3.2";
			developmentRegion = English;
			hasScannedForEncodings = 0;
			knownRegions = (
				en,
				Base,
			);
			mainGroup = DBF4937E1E4D8B7000A370D0;
			productRefGroup = DBF493881E4D8B7000A370D0 /* Products */;
			projectDirPath = "";
			projectRoot = "";
			targets = (
				DBF493861E4D8B7000A370D0 /* SwiftPhotoBrower */,
			);
		};
/* End PBXProject section */

/* Begin PBXResourcesBuildPhase section */
		DBF493851E4D8B7000A370D0 /* Resources */ = {
			isa = PBXResourcesBuildPhase;
			buildActionMask = 2147483647;
			files = (
				DBF493951E4D8B7000A370D0 /* LaunchScreen.storyboard in Resources */,
				DBF493921E4D8B7000A370D0 /* Assets.xcassets in Resources */,
				DBF493901E4D8B7000A370D0 /* Main.storyboard in Resources */,
			);
			runOnlyForDeploymentPostprocessing = 0;
		};
/* End PBXResourcesBuildPhase section */

/* Begin PBXSourcesBuildPhase section */
		DBF493831E4D8B7000A370D0 /* Sources */ = {
			isa = PBXSourcesBuildPhase;
			buildActionMask = 2147483647;
			files = (
				DBF4938D1E4D8B7000A370D0 /* ViewController.swift in Sources */,
				DBF4938B1E4D8B7000A370D0 /* AppDelegate.swift in Sources */,
				DBF4939D1E4D8C0100A370D0 /* PhotoViewController.swift in Sources */,
			);
			runOnlyForDeploymentPostprocessing = 0;
		};
/* End PBXSourcesBuildPhase section */

/* Begin PBXVariantGroup section */
		DBF4938E1E4D8B7000A370D0 /* Main.storyboard */ = {
			isa = PBXVariantGroup;
			children = (
				DBF4938F1E4D8B7000A370D0 /* Base */,
			);
			name = Main.storyboard;
			sourceTree = "<group>";
		};
		DBF493931E4D8B7000A370D0 /* LaunchScreen.storyboard */ = {
			isa = PBXVariantGroup;
			children = (
				DBF493941E4D8B7000A370D0 /* Base */,
			);
			name = LaunchScreen.storyboard;
			sourceTree = "<group>";
		};
/* End PBXVariantGroup section */

/* Begin XCBuildConfiguration section */
		DBF493971E4D8B7000A370D0 /* Debug */ = {
			isa = XCBuildConfiguration;
			buildSettings = {
				ALWAYS_SEARCH_USER_PATHS = NO;
				CLANG_ANALYZER_NONNULL = YES;
				CLANG_CXX_LANGUAGE_STANDARD = "gnu++0x";
				CLANG_CXX_LIBRARY = "libc++";
				CLANG_ENABLE_MODULES = YES;
				CLANG_ENABLE_OBJC_ARC = YES;
				CLANG_WARN_BOOL_CONVERSION = YES;
				CLANG_WARN_CONSTANT_CONVERSION = YES;
				CLANG_WARN_DIRECT_OBJC_ISA_USAGE = YES_ERROR;
				CLANG_WARN_DOCUMENTATION_COMMENTS = YES;
				CLANG_WARN_EMPTY_BODY = YES;
				CLANG_WARN_ENUM_CONVERSION = YES;
				CLANG_WARN_INFINITE_RECURSION = YES;
				CLANG_WARN_INT_CONVERSION = YES;
				CLANG_WARN_OBJC_ROOT_CLASS = YES_ERROR;
				CLANG_WARN_SUSPICIOUS_MOVES = YES;
				CLANG_WARN_UNREACHABLE_CODE = YES;
				CLANG_WARN__DUPLICATE_METHOD_MATCH = YES;
				"CODE_SIGN_IDENTITY[sdk=iphoneos*]" = "iPhone Developer";
				COPY_PHASE_STRIP = NO;
				DEBUG_INFORMATION_FORMAT = dwarf;
				ENABLE_STRICT_OBJC_MSGSEND = YES;
				ENABLE_TESTABILITY = YES;
				GCC_C_LANGUAGE_STANDARD = gnu99;
				GCC_DYNAMIC_NO_PIC = NO;
				GCC_NO_COMMON_BLOCKS = YES;
				GCC_OPTIMIZATION_LEVEL = 0;
				GCC_PREPROCESSOR_DEFINITIONS = (
					"DEBUG=1",
					"$(inherited)",
				);
				GCC_WARN_64_TO_32_BIT_CONVERSION = YES;
				GCC_WARN_ABOUT_RETURN_TYPE = YES_ERROR;
				GCC_WARN_UNDECLARED_SELECTOR = YES;
				GCC_WARN_UNINITIALIZED_AUTOS = YES_AGGRESSIVE;
				GCC_WARN_UNUSED_FUNCTION = YES;
				GCC_WARN_UNUSED_VARIABLE = YES;
				IPHONEOS_DEPLOYMENT_TARGET = 10.1;
				MTL_ENABLE_DEBUG_INFO = YES;
				ONLY_ACTIVE_ARCH = YES;
				SDKROOT = iphoneos;
				SWIFT_ACTIVE_COMPILATION_CONDITIONS = DEBUG;
				SWIFT_OPTIMIZATION_LEVEL = "-Onone";
				TARGETED_DEVICE_FAMILY = "1,2";
			};
			name = Debug;
		};
		DBF493981E4D8B7000A370D0 /* Release */ = {
			isa = XCBuildConfiguration;
			buildSettings = {
				ALWAYS_SEARCH_USER_PATHS = NO;
				CLANG_ANALYZER_NONNULL = YES;
				CLANG_CXX_LANGUAGE_STANDARD = "gnu++0x";
				CLANG_CXX_LIBRARY = "libc++";
				CLANG_ENABLE_MODULES = YES;
				CLANG_ENABLE_OBJC_ARC = YES;
				CLANG_WARN_BOOL_CONVERSION = YES;
				CLANG_WARN_CONSTANT_CONVERSION = YES;
				CLANG_WARN_DIRECT_OBJC_ISA_USAGE = YES_ERROR;
				CLANG_WARN_DOCUMENTATION_COMMENTS = YES;
				CLANG_WARN_EMPTY_BODY = YES;
				CLANG_WARN_ENUM_CONVERSION = YES;
				CLANG_WARN_INFINITE_RECURSION = YES;
				CLANG_WARN_INT_CONVERSION = YES;
				CLANG_WARN_OBJC_ROOT_CLASS = YES_ERROR;
				CLANG_WARN_SUSPICIOUS_MOVES = YES;
				CLANG_WARN_UNREACHABLE_CODE = YES;
				CLANG_WARN__DUPLICATE_METHOD_MATCH = YES;
				"CODE_SIGN_IDENTITY[sdk=iphoneos*]" = "iPhone Developer";
				COPY_PHASE_STRIP = NO;
				DEBUG_INFORMATION_FORMAT = "dwarf-with-dsym";
				ENABLE_NS_ASSERTIONS = NO;
				ENABLE_STRICT_OBJC_MSGSEND = YES;
				GCC_C_LANGUAGE_STANDARD = gnu99;
				GCC_NO_COMMON_BLOCKS = YES;
				GCC_WARN_64_TO_32_BIT_CONVERSION = YES;
				GCC_WARN_ABOUT_RETURN_TYPE = YES_ERROR;
				GCC_WARN_UNDECLARED_SELECTOR = YES;
				GCC_WARN_UNINITIALIZED_AUTOS = YES_AGGRESSIVE;
				GCC_WARN_UNUSED_FUNCTION = YES;
				GCC_WARN_UNUSED_VARIABLE = YES;
				IPHONEOS_DEPLOYMENT_TARGET = 10.1;
				MTL_ENABLE_DEBUG_INFO = NO;
				SDKROOT = iphoneos;
				SWIFT_OPTIMIZATION_LEVEL = "-Owholemodule";
				TARGETED_DEVICE_FAMILY = "1,2";
				VALIDATE_PRODUCT = YES;
			};
			name = Release;
		};
		DBF4939A1E4D8B7000A370D0 /* Debug */ = {
			isa = XCBuildConfiguration;
			buildSettings = {
				ASSETCATALOG_COMPILER_APPICON_NAME = AppIcon;
				DEVELOPMENT_TEAM = 24T58AANZ9;
				INFOPLIST_FILE = SwiftPhotoBrower/Info.plist;
				LD_RUNPATH_SEARCH_PATHS = "$(inherited) @executable_path/Frameworks";
				PRODUCT_BUNDLE_IDENTIFIER = com.xiaoguo.SwiftPhotoBrower;
				PRODUCT_NAME = "$(TARGET_NAME)";
				SWIFT_VERSION = 3.0;
			};
			name = Debug;
		};
		DBF4939B1E4D8B7000A370D0 /* Release */ = {
			isa = XCBuildConfiguration;
			buildSettings = {
				ASSETCATALOG_COMPILER_APPICON_NAME = AppIcon;
				DEVELOPMENT_TEAM = 24T58AANZ9;
				INFOPLIST_FILE = SwiftPhotoBrower/Info.plist;
				LD_RUNPATH_SEARCH_PATHS = "$(inherited) @executable_path/Frameworks";
				PRODUCT_BUNDLE_IDENTIFIER = com.xiaoguo.SwiftPhotoBrower;
				PRODUCT_NAME = "$(TARGET_NAME)";
				SWIFT_VERSION = 3.0;
			};
			name = Release;
		};
/* End XCBuildConfiguration section */

/* Begin XCConfigurationList section */
		DBF493821E4D8B7000A370D0 /* Build configuration list for PBXProject "SwiftPhotoBrower" */ = {
			isa = XCConfigurationList;
			buildConfigurations = (
				DBF493971E4D8B7000A370D0 /* Debug */,
				DBF493981E4D8B7000A370D0 /* Release */,
			);
			defaultConfigurationIsVisible = 0;
			defaultConfigurationName = Release;
		};
		DBF493991E4D8B7000A370D0 /* Build configuration list for PBXNativeTarget "SwiftPhotoBrower" */ = {
			isa = XCConfigurationList;
			buildConfigurations = (
				DBF4939A1E4D8B7000A370D0 /* Debug */,
				DBF4939B1E4D8B7000A370D0 /* Release */,
			);
			defaultConfigurationIsVisible = 0;
		};
/* End XCConfigurationList section */
	};
	rootObject = DBF4937F1E4D8B7000A370D0 /* Project object */;
}
